
Microsoft Visual Studio Solution File, Format Version 12.00
# Visual Studio Version 16
VisualStudioVersion = 16.0.30413.136
MinimumVisualStudioVersion = 10.0.40219.1
Project("{FAE04EC0-301F-11D3-BF4B-00C04F79EFBC}") = "VideoGadget", "VideoGadget.csproj", "{D1D1DE6A-58FB-438E-9280-319082B5E564}"
EndProject
Global
	GlobalSection(SolutionConfigurationPlatforms) = preSolution
		Debug|Any CPU = Debug|Any CPU
		Release|Any CPU = Release|Any CPU
	EndGlobalSection
	GlobalSection(ProjectConfigurationPlatforms) = postSolution
		{D1D1DE6A-58FB-438E-9280-319082B5E564}.Debug|Any CPU.ActiveCfg = Debug|Any CPU
		{D1D1DE6A-58FB-438E-9280-319082B5E564}.Debug|Any CPU.Build.0 = Debug|Any CPU
		{D1D1DE6A-58FB-438E-9280-319082B5E564}.Release|Any CPU.ActiveCfg = Release|Any CPU
		{D1D1DE6A-58FB-438E-9280-319082B5E564}.Release|Any CPU.Build.0 = Release|Any CPU
	EndGlobalSection
	GlobalSection(SolutionProperties) = preSolution
		HideSolutionNode = FALSE
	EndGlobalSection
	GlobalSection(ExtensibilityGlobals) = postSolution
		SolutionGuid = {6409A8C3-7BE7-43B9-B025-0AB925891BD9}
	EndGlobalSection
EndGlobal
